
Microsoft Visual Studio Solution File, Format Version 12.00
# Visual Studio Version 17
VisualStudioVersion = 17.8.34205.153
MinimumVisualStudioVersion = 10.0.40219.1
Project("{9A19103F-16F7-4668-BE54-9A1E7A4F7556}") = "acNET", "acNET.csproj", "{C8696E36-3162-4556-93EF-5620A336B506}"
EndProject
Project("{FAE04EC0-301F-11D3-BF4B-00C04F79EFBC}") = "acNET_Example", "..\acNET_Example\acNET_Example.csproj", "{FED1CB6A-3A14-4F16-B2C6-3C709BC785DD}"
EndProject
Global
	GlobalSection(SolutionConfigurationPlatforms) = preSolution
		Debug|Any CPU = Debug|Any CPU
		Release|Any CPU = Release|Any CPU
	EndGlobalSection
	GlobalSection(ProjectConfigurationPlatforms) = postSolution
		{C8696E36-3162-4556-93EF-5620A336B506}.Debug|Any CPU.ActiveCfg = Debug|Any CPU
		{C8696E36-3162-4556-93EF-5620A336B506}.Debug|Any CPU.Build.0 = Debug|Any CPU
		{C8696E36-3162-4556-93EF-5620A336B506}.Release|Any CPU.ActiveCfg = Release|Any CPU
		{C8696E36-3162-4556-93EF-5620A336B506}.Release|Any CPU.Build.0 = Release|Any CPU
		{FED1CB6A-3A14-4F16-B2C6-3C709BC785DD}.Debug|Any CPU.ActiveCfg = Debug|Any CPU
		{FED1CB6A-3A14-4F16-B2C6-3C709BC785DD}.Debug|Any CPU.Build.0 = Debug|Any CPU
		{FED1CB6A-3A14-4F16-B2C6-3C709BC785DD}.Release|Any CPU.ActiveCfg = Release|Any CPU
		{FED1CB6A-3A14-4F16-B2C6-3C709BC785DD}.Release|Any CPU.Build.0 = Release|Any CPU
	EndGlobalSection
	GlobalSection(SolutionProperties) = preSolution
		HideSolutionNode = FALSE
	EndGlobalSection
	GlobalSection(ExtensibilityGlobals) = postSolution
		SolutionGuid = {87C78ACE-BF36-4616-8E8A-484598E3E886}
	EndGlobalSection
EndGlobal
